
Microsoft Visual Studio Solution File, Format Version 12.00
# Visual Studio Version 17
VisualStudioVersion = 17.14.36414.22 d17.14
MinimumVisualStudioVersion = 10.0.40219.1
Project("{FAE04EC0-301F-11D3-BF4B-00C04F79EFBC}") = "Lab07.GUI", "Lab07.GUI.csproj", "{A70312A1-F353-486D-AE5D-4C212ABFAC96}"
EndProject
Project("{FAE04EC0-301F-11D3-BF4B-00C04F79EFBC}") = "Lab07.BLL", "..\Lab07.BLL\Lab07.BLL.csproj", "{D4A0A846-3AB9-4564-9A99-41DCCAAB42B2}"
EndProject
Project("{FAE04EC0-301F-11D3-BF4B-00C04F79EFBC}") = "Lab07.DAL", "..\Lab07.DAL\Lab07.DAL.csproj", "{E3920B7D-6A8F-4E22-822B-C6A13CD67767}"
EndProject
Global
	GlobalSection(SolutionConfigurationPlatforms) = preSolution
		Debug|Any CPU = Debug|Any CPU
		Release|Any CPU = Release|Any CPU
	EndGlobalSection
	GlobalSection(ProjectConfigurationPlatforms) = postSolution
		{A70312A1-F353-486D-AE5D-4C212ABFAC96}.Debug|Any CPU.ActiveCfg = Debug|Any CPU
		{A70312A1-F353-486D-AE5D-4C212ABFAC96}.Debug|Any CPU.Build.0 = Debug|Any CPU
		{A70312A1-F353-486D-AE5D-4C212ABFAC96}.Release|Any CPU.ActiveCfg = Release|Any CPU
		{A70312A1-F353-486D-AE5D-4C212ABFAC96}.Release|Any CPU.Build.0 = Release|Any CPU
		{D4A0A846-3AB9-4564-9A99-41DCCAAB42B2}.Debug|Any CPU.ActiveCfg = Debug|Any CPU
		{D4A0A846-3AB9-4564-9A99-41DCCAAB42B2}.Debug|Any CPU.Build.0 = Debug|Any CPU
		{D4A0A846-3AB9-4564-9A99-41DCCAAB42B2}.Release|Any CPU.ActiveCfg = Release|Any CPU
		{D4A0A846-3AB9-4564-9A99-41DCCAAB42B2}.Release|Any CPU.Build.0 = Release|Any CPU
		{E3920B7D-6A8F-4E22-822B-C6A13CD67767}.Debug|Any CPU.ActiveCfg = Debug|Any CPU
		{E3920B7D-6A8F-4E22-822B-C6A13CD67767}.Debug|Any CPU.Build.0 = Debug|Any CPU
		{E3920B7D-6A8F-4E22-822B-C6A13CD67767}.Release|Any CPU.ActiveCfg = Release|Any CPU
		{E3920B7D-6A8F-4E22-822B-C6A13CD67767}.Release|Any CPU.Build.0 = Release|Any CPU
	EndGlobalSection
	GlobalSection(SolutionProperties) = preSolution
		HideSolutionNode = FALSE
	EndGlobalSection
	GlobalSection(ExtensibilityGlobals) = postSolution
		SolutionGuid = {B59E4020-9282-4828-89AB-350499FE2005}
	EndGlobalSection
EndGlobal
