
Microsoft Visual Studio Solution File, Format Version 12.00
# Visual Studio Version 17
VisualStudioVersion = 17.14.36414.22 d17.14
MinimumVisualStudioVersion = 10.0.40219.1
Project("{FAE04EC0-301F-11D3-BF4B-00C04F79EFBC}") = "BTApp", "BTApp.csproj", "{90AEDC7F-F0EA-4969-84BE-1BFBB42EA685}"
EndProject
Global
	GlobalSection(SolutionConfigurationPlatforms) = preSolution
		Debug|Any CPU = Debug|Any CPU
		Release|Any CPU = Release|Any CPU
	EndGlobalSection
	GlobalSection(ProjectConfigurationPlatforms) = postSolution
		{90AEDC7F-F0EA-4969-84BE-1BFBB42EA685}.Debug|Any CPU.ActiveCfg = Debug|Any CPU
		{90AEDC7F-F0EA-4969-84BE-1BFBB42EA685}.Debug|Any CPU.Build.0 = Debug|Any CPU
		{90AEDC7F-F0EA-4969-84BE-1BFBB42EA685}.Release|Any CPU.ActiveCfg = Release|Any CPU
		{90AEDC7F-F0EA-4969-84BE-1BFBB42EA685}.Release|Any CPU.Build.0 = Release|Any CPU
	EndGlobalSection
	GlobalSection(SolutionProperties) = preSolution
		HideSolutionNode = FALSE
	EndGlobalSection
	GlobalSection(ExtensibilityGlobals) = postSolution
		SolutionGuid = {BF32196C-1DC4-4B2A-B233-F53D4E09A6C0}
	EndGlobalSection
EndGlobal
